
Microsoft Visual Studio Solution File, Format Version 12.00
# Visual Studio Version 16
VisualStudioVersion = 16.0.30611.23
MinimumVisualStudioVersion = 10.0.40219.1
Project("{8BC9CEB8-8B4A-11D0-8D11-00A0C91BC942}") = "2-11 키보드 명령에 따라 그림 그리는 프로그램", "2-11 키보드 명령에 따라 그림 그리는 프로그램.vcxproj", "{BD692AEB-F8DB-4B0F-A117-C8DDEF9115FD}"
EndProject
Global
	GlobalSection(SolutionConfigurationPlatforms) = preSolution
		Debug|x64 = Debug|x64
		Debug|x86 = Debug|x86
		Release|x64 = Release|x64
		Release|x86 = Release|x86
	EndGlobalSection
	GlobalSection(ProjectConfigurationPlatforms) = postSolution
		{BD692AEB-F8DB-4B0F-A117-C8DDEF9115FD}.Debug|x64.ActiveCfg = Debug|x64
		{BD692AEB-F8DB-4B0F-A117-C8DDEF9115FD}.Debug|x64.Build.0 = Debug|x64
		{BD692AEB-F8DB-4B0F-A117-C8DDEF9115FD}.Debug|x86.ActiveCfg = Debug|Win32
		{BD692AEB-F8DB-4B0F-A117-C8DDEF9115FD}.Debug|x86.Build.0 = Debug|Win32
		{BD692AEB-F8DB-4B0F-A117-C8DDEF9115FD}.Release|x64.ActiveCfg = Release|x64
		{BD692AEB-F8DB-4B0F-A117-C8DDEF9115FD}.Release|x64.Build.0 = Release|x64
		{BD692AEB-F8DB-4B0F-A117-C8DDEF9115FD}.Release|x86.ActiveCfg = Release|Win32
		{BD692AEB-F8DB-4B0F-A117-C8DDEF9115FD}.Release|x86.Build.0 = Release|Win32
	EndGlobalSection
	GlobalSection(SolutionProperties) = preSolution
		HideSolutionNode = FALSE
	EndGlobalSection
	GlobalSection(ExtensibilityGlobals) = postSolution
		SolutionGuid = {9B3B648E-06E2-4014-BE47-66AC96EA646A}
	EndGlobalSection
EndGlobal
